// !$*UTF8*$!
{
	archiveVersion = 1;
	classes = {
	};
	objectVersion = 50;
	objects = {

/* Begin PBXBuildFile section */
		44F33F44224D640B00AFE7FC /* AppDelegate.swift in Sources */ = {isa = PBXBuildFile; fileRef = 44F33F43224D640B00AFE7FC /* AppDelegate.swift */; };
		44F33F46224D640B00AFE7FC /* ViewController.swift in Sources */ = {isa = PBXBuildFile; fileRef = 44F33F45224D640B00AFE7FC /* ViewController.swift */; };
		44F33F49224D640B00AFE7FC /* Main.storyboard in Resources */ = {isa = PBXBuildFile; fileRef = 44F33F47224D640B00AFE7FC /* Main.storyboard */; };
		44F33F4B224D640D00AFE7FC /* Assets.xcassets in Resources */ = {isa = PBXBuildFile; fileRef = 44F33F4A224D640D00AFE7FC /* Assets.xcassets */; };
		44F33F4E224D640D00AFE7FC /* LaunchScreen.storyboard in Resources */ = {isa = PBXBuildFile; fileRef = 44F33F4C224D640D00AFE7FC /* LaunchScreen.storyboard */; };
		44F33F59224D640D00AFE7FC /* PersonalityQuizTests.swift in Sources */ = {isa = PBXBuildFile; fileRef = 44F33F58224D640D00AFE7FC /* PersonalityQuizTests.swift */; };
		44F33F64224D640D00AFE7FC /* PersonalityQuizUITests.swift in Sources */ = {isa = PBXBuildFile; fileRef = 44F33F63224D640D00AFE7FC /* PersonalityQuizUITests.swift */; };
/* End PBXBuildFile section */

/* Begin PBXContainerItemProxy section */
		44F33F55224D640D00AFE7FC /* PBXContainerItemProxy */ = {
			isa = PBXContainerItemProxy;
			containerPortal = 44F33F38224D640B00AFE7FC /* Project object */;
			proxyType = 1;
			remoteGlobalIDString = 44F33F3F224D640B00AFE7FC;
			remoteInfo = PersonalityQuiz;
		};
		44F33F60224D640D00AFE7FC /* PBXContainerItemProxy */ = {
			isa = PBXContainerItemProxy;
			containerPortal = 44F33F38224D640B00AFE7FC /* Project object */;
			proxyType = 1;
			remoteGlobalIDString = 44F33F3F224D640B00AFE7FC;
			remoteInfo = PersonalityQuiz;
		};
/* End PBXContainerItemProxy section */

/* Begin PBXFileReference section */
		44F33F40224D640B00AFE7FC /* PersonalityQuiz.app */ = {isa = PBXFileReference; explicitFileType = wrapper.application; includeInIndex = 0; path = PersonalityQuiz.app; sourceTree = BUILT_PRODUCTS_DIR; };
		44F33F43224D640B00AFE7FC /* AppDelegate.swift */ = {isa = PBXFileReference; lastKnownFileType = sourcecode.swift; path = AppDelegate.swift; sourceTree = "<group>"; };
		44F33F45224D640B00AFE7FC /* ViewController.swift */ = {isa = PBXFileReference; lastKnownFileType = sourcecode.swift; path = ViewController.swift; sourceTree = "<group>"; };
		44F33F48224D640B00AFE7FC /* Base */ = {isa = PBXFileReference; lastKnownFileType = file.storyboard; name = Base; path = Base.lproj/Main.storyboard; sourceTree = "<group>"; };
		44F33F4A224D640D00AFE7FC /* Assets.xcassets */ = {isa = PBXFileReference; lastKnownFileType = folder.assetcatalog; path = Assets.xcassets; sourceTree = "<group>"; };
		44F33F4D224D640D00AFE7FC /* Base */ = {isa = PBXFileReference; lastKnownFileType = file.storyboard; name = Base; path = Base.lproj/LaunchScreen.storyboard; sourceTree = "<group>"; };
		44F33F4F224D640D00AFE7FC /* Info.plist */ = {isa = PBXFileReference; lastKnownFileType = text.plist.xml; path = Info.plist; sourceTree = "<group>"; };
		44F33F54224D640D00AFE7FC /* PersonalityQuizTests.xctest */ = {isa = PBXFileReference; explicitFileType = wrapper.cfbundle; includeInIndex = 0; path = PersonalityQuizTests.xctest; sourceTree = BUILT_PRODUCTS_DIR; };
		44F33F58224D640D00AFE7FC /* PersonalityQuizTests.swift */ = {isa = PBXFileReference; lastKnownFileType = sourcecode.swift; path = PersonalityQuizTests.swift; sourceTree = "<group>"; };
		44F33F5A224D640D00AFE7FC /* Info.plist */ = {isa = PBXFileReference; lastKnownFileType = text.plist.xml; path = Info.plist; sourceTree = "<group>"; };
		44F33F5F224D640D00AFE7FC /* PersonalityQuizUITests.xctest */ = {isa = PBXFileReference; explicitFileType = wrapper.cfbundle; includeInIndex = 0; path = PersonalityQuizUITests.xctest; sourceTree = BUILT_PRODUCTS_DIR; };
		44F33F63224D640D00AFE7FC /* PersonalityQuizUITests.swift */ = {isa = PBXFileReference; lastKnownFileType = sourcecode.swift; path = PersonalityQuizUITests.swift; sourceTree = "<group>"; };
		44F33F65224D640D00AFE7FC /* Info.plist */ = {isa = PBXFileReference; lastKnownFileType = text.plist.xml; path = Info.plist; sourceTree = "<group>"; };
/* End PBXFileReference section */

/* Begin PBXFrameworksBuildPhase section */
		44F33F3D224D640B00AFE7FC /* Frameworks */ = {
			isa = PBXFrameworksBuildPhase;
			buildActionMask = 2147483647;
			files = (
			);
			runOnlyForDeploymentPostprocessing = 0;
		};
		44F33F51224D640D00AFE7FC /* Frameworks */ = {
			isa = PBXFrameworksBuildPhase;
			buildActionMask = 2147483647;
			files = (
			);
			runOnlyForDeploymentPostprocessing = 0;
		};
		44F33F5C224D640D00AFE7FC /* Frameworks */ = {
			isa = PBXFrameworksBuildPhase;
			buildActionMask = 2147483647;
			files = (
			);
			runOnlyForDeploymentPostprocessing = 0;
		};
/* End PBXFrameworksBuildPhase section */

/* Begin PBXGroup section */
		44F33F37224D640B00AFE7FC = {
			isa = PBXGroup;
			children = (
				44F33F42224D640B00AFE7FC /* PersonalityQuiz */,
				44F33F57224D640D00AFE7FC /* PersonalityQuizTests */,
				44F33F62224D640D00AFE7FC /* PersonalityQuizUITests */,
				44F33F41224D640B00AFE7FC /* Products */,
			);
			sourceTree = "<group>";
		};
		44F33F41224D640B00AFE7FC /* Products */ = {
			isa = PBXGroup;
			children = (
				44F33F40224D640B00AFE7FC /* PersonalityQuiz.app */,
				44F33F54224D640D00AFE7FC /* PersonalityQuizTests.xctest */,
				44F33F5F224D640D00AFE7FC /* PersonalityQuizUITests.xctest */,
			);
			name = Products;
			sourceTree = "<group>";
		};
		44F33F42224D640B00AFE7FC /* PersonalityQuiz */ = {
			isa = PBXGroup;
			children = (
				44F33F43224D640B00AFE7FC /* AppDelegate.swift */,
				44F33F45224D640B00AFE7FC /* ViewController.swift */,
				44F33F47224D640B00AFE7FC /* Main.storyboard */,
				44F33F4A224D640D00AFE7FC /* Assets.xcassets */,
				44F33F4C224D640D00AFE7FC /* LaunchScreen.storyboard */,
				44F33F4F224D640D00AFE7FC /* Info.plist */,
			);
			path = PersonalityQuiz;
			sourceTree = "<group>";
		};
		44F33F57224D640D00AFE7FC /* PersonalityQuizTests */ = {
			isa = PBXGroup;
			children = (
				44F33F58224D640D00AFE7FC /* PersonalityQuizTests.swift */,
				44F33F5A224D640D00AFE7FC /* Info.plist */,
			);
			path = PersonalityQuizTests;
			sourceTree = "<group>";
		};
		44F33F62224D640D00AFE7FC /* PersonalityQuizUITests */ = {
			isa = PBXGroup;
			children = (
				44F33F63224D640D00AFE7FC /* PersonalityQuizUITests.swift */,
				44F33F65224D640D00AFE7FC /* Info.plist */,
			);
			path = PersonalityQuizUITests;
			sourceTree = "<group>";
		};
/* End PBXGroup section */

/* Begin PBXNativeTarget section */
		44F33F3F224D640B00AFE7FC /* PersonalityQuiz */ = {
			isa = PBXNativeTarget;
			buildConfigurationList = 44F33F68224D640D00AFE7FC /* Build configuration list for PBXNativeTarget "PersonalityQuiz" */;
			buildPhases = (
				44F33F3C224D640B00AFE7FC /* Sources */,
				44F33F3D224D640B00AFE7FC /* Frameworks */,
				44F33F3E224D640B00AFE7FC /* Resources */,
			);
			buildRules = (
			);
			dependencies = (
			);
			name = PersonalityQuiz;
			productName = PersonalityQuiz;
			productReference = 44F33F40224D640B00AFE7FC /* PersonalityQuiz.app */;
			productType = "com.apple.product-type.application";
		};
		44F33F53224D640D00AFE7FC /* PersonalityQuizTests */ = {
			isa = PBXNativeTarget;
			buildConfigurationList = 44F33F6B224D640D00AFE7FC /* Build configuration list for PBXNativeTarget "PersonalityQuizTests" */;
			buildPhases = (
				44F33F50224D640D00AFE7FC /* Sources */,
				44F33F51224D640D00AFE7FC /* Frameworks */,
				44F33F52224D640D00AFE7FC /* Resources */,
			);
			buildRules = (
			);
			dependencies = (
				44F33F56224D640D00AFE7FC /* PBXTargetDependency */,
			);
			name = PersonalityQuizTests;
			productName = PersonalityQuizTests;
			productReference = 44F33F54224D640D00AFE7FC /* PersonalityQuizTests.xctest */;
			productType = "com.apple.product-type.bundle.unit-test";
		};
		44F33F5E224D640D00AFE7FC /* PersonalityQuizUITests */ = {
			isa = PBXNativeTarget;
			buildConfigurationList = 44F33F6E224D640D00AFE7FC /* Build configuration list for PBXNativeTarget "PersonalityQuizUITests" */;
			buildPhases = (
				44F33F5B224D640D00AFE7FC /* Sources */,
				44F33F5C224D640D00AFE7FC /* Frameworks */,
				44F33F5D224D640D00AFE7FC /* Resources */,
			);
			buildRules = (
			);
			dependencies = (
				44F33F61224D640D00AFE7FC /* PBXTargetDependency */,
			);
			name = PersonalityQuizUITests;
			productName = PersonalityQuizUITests;
			productReference = 44F33F5F224D640D00AFE7FC /* PersonalityQuizUITests.xctest */;
			productType = "com.apple.product-type.bundle.ui-testing";
		};
/* End PBXNativeTarget section */

/* Begin PBXProject section */
		44F33F38224D640B00AFE7FC /* Project object */ = {
			isa = PBXProject;
			attributes = {
				LastSwiftUpdateCheck = 1000;
				LastUpgradeCheck = 1000;
				ORGANIZATIONNAME = "Antonio Martinez";
				TargetAttributes = {
					44F33F3F224D640B00AFE7FC = {
						CreatedOnToolsVersion = 10.0;
					};
					44F33F53224D640D00AFE7FC = {
						CreatedOnToolsVersion = 10.0;
						TestTargetID = 44F33F3F224D640B00AFE7FC;
					};
					44F33F5E224D640D00AFE7FC = {
						CreatedOnToolsVersion = 10.0;
						TestTargetID = 44F33F3F224D640B00AFE7FC;
					};
				};
			};
			buildConfigurationList = 44F33F3B224D640B00AFE7FC /* Build configuration list for PBXProject "PersonalityQuiz" */;
			compatibilityVersion = "Xcode 9.3";
			developmentRegion = en;
			hasScannedForEncodings = 0;
			knownRegions = (
				en,
				Base,
			);
			mainGroup = 44F33F37224D640B00AFE7FC;
			productRefGroup = 44F33F41224D640B00AFE7FC /* Products */;
			projectDirPath = "";
			projectRoot = "";
			targets = (
				44F33F3F224D640B00AFE7FC /* PersonalityQuiz */,
				44F33F53224D640D00AFE7FC /* PersonalityQuizTests */,
				44F33F5E224D640D00AFE7FC /* PersonalityQuizUITests */,
			);
		};
/* End PBXProject section */

/* Begin PBXResourcesBuildPhase section */
		44F33F3E224D640B00AFE7FC /* Resources */ = {
			isa = PBXResourcesBuildPhase;
			buildActionMask = 2147483647;
			files = (
				44F33F4E224D640D00AFE7FC /* LaunchScreen.storyboard in Resources */,
				44F33F4B224D640D00AFE7FC /* Assets.xcassets in Resources */,
				44F33F49224D640B00AFE7FC /* Main.storyboard in Resources */,
			);
			runOnlyForDeploymentPostprocessing = 0;
		};
		44F33F52224D640D00AFE7FC /* Resources */ = {
			isa = PBXResourcesBuildPhase;
			buildActionMask = 2147483647;
			files = (
			);
			runOnlyForDeploymentPostprocessing = 0;
		};
		44F33F5D224D640D00AFE7FC /* Resources */ = {
			isa = PBXResourcesBuildPhase;
			buildActionMask = 2147483647;
			files = (
			);
			runOnlyForDeploymentPostprocessing = 0;
		};
/* End PBXResourcesBuildPhase section */

/* Begin PBXSourcesBuildPhase section */
		44F33F3C224D640B00AFE7FC /* Sources */ = {
			isa = PBXSourcesBuildPhase;
			buildActionMask = 2147483647;
			files = (
				44F33F46224D640B00AFE7FC /* ViewController.swift in Sources */,
				44F33F44224D640B00AFE7FC /* AppDelegate.swift in Sources */,
			);
			runOnlyForDeploymentPostprocessing = 0;
		};
		44F33F50224D640D00AFE7FC /* Sources */ = {
			isa = PBXSourcesBuildPhase;
			buildActionMask = 2147483647;
			files = (
				44F33F59224D640D00AFE7FC /* PersonalityQuizTests.swift in Sources */,
			);
			runOnlyForDeploymentPostprocessing = 0;
		};
		44F33F5B224D640D00AFE7FC /* Sources */ = {
			isa = PBXSourcesBuildPhase;
			buildActionMask = 2147483647;
			files = (
				44F33F64224D640D00AFE7FC /* PersonalityQuizUITests.swift in Sources */,
			);
			runOnlyForDeploymentPostprocessing = 0;
		};
/* End PBXSourcesBuildPhase section */

/* Begin PBXTargetDependency section */
		44F33F56224D640D00AFE7FC /* PBXTargetDependency */ = {
			isa = PBXTargetDependency;
			target = 44F33F3F224D640B00AFE7FC /* PersonalityQuiz */;
			targetProxy = 44F33F55224D640D00AFE7FC /* PBXContainerItemProxy */;
		};
		44F33F61224D640D00AFE7FC /* PBXTargetDependency */ = {
			isa = PBXTargetDependency;
			target = 44F33F3F224D640B00AFE7FC /* PersonalityQuiz */;
			targetProxy = 44F33F60224D640D00AFE7FC /* PBXContainerItemProxy */;
		};
/* End PBXTargetDependency section */

/* Begin PBXVariantGroup section */
		44F33F47224D640B00AFE7FC /* Main.storyboard */ = {
			isa = PBXVariantGroup;
			children = (
				44F33F48224D640B00AFE7FC /* Base */,
			);
			name = Main.storyboard;
			sourceTree = "<group>";
		};
		44F33F4C224D640D00AFE7FC /* LaunchScreen.storyboard */ = {
			isa = PBXVariantGroup;
			children = (
				44F33F4D224D640D00AFE7FC /* Base */,
			);
			name = LaunchScreen.storyboard;
			sourceTree = "<group>";
		};
/* End PBXVariantGroup section */

/* Begin XCBuildConfiguration section */
		44F33F66224D640D00AFE7FC /* Debug */ = {
			isa = XCBuildConfiguration;
			buildSettings = {
				ALWAYS_SEARCH_USER_PATHS = NO;
				CLANG_ANALYZER_NONNULL = YES;
				CLANG_ANALYZER_NUMBER_OBJECT_CONVERSION = YES_AGGRESSIVE;
				CLANG_CXX_LANGUAGE_STANDARD = "gnu++14";
				CLANG_CXX_LIBRARY = "libc++";
				CLANG_ENABLE_MODULES = YES;
				CLANG_ENABLE_OBJC_ARC = YES;
				CLANG_ENABLE_OBJC_WEAK = YES;
				CLANG_WARN_BLOCK_CAPTURE_AUTORELEASING = YES;
				CLANG_WARN_BOOL_CONVERSION = YES;
				CLANG_WARN_COMMA = YES;
				CLANG_WARN_CONSTANT_CONVERSION = YES;
				CLANG_WARN_DEPRECATED_OBJC_IMPLEMENTATIONS = YES;
				CLANG_WARN_DIRECT_OBJC_ISA_USAGE = YES_ERROR;
				CLANG_WARN_DOCUMENTATION_COMMENTS = YES;
				CLANG_WARN_EMPTY_BODY = YES;
				CLANG_WARN_ENUM_CONVERSION = YES;
				CLANG_WARN_INFINITE_RECURSION = YES;
				CLANG_WARN_INT_CONVERSION = YES;
				CLANG_WARN_NON_LITERAL_NULL_CONVERSION = YES;
				CLANG_WARN_OBJC_IMPLICIT_RETAIN_SELF = YES;
				CLANG_WARN_OBJC_LITERAL_CONVERSION = YES;
				CLANG_WARN_OBJC_ROOT_CLASS = YES_ERROR;
				CLANG_WARN_RANGE_LOOP_ANALYSIS = YES;
				CLANG_WARN_STRICT_PROTOTYPES = YES;
				CLANG_WARN_SUSPICIOUS_MOVE = YES;
				CLANG_WARN_UNGUARDED_AVAILABILITY = YES_AGGRESSIVE;
				CLANG_WARN_UNREACHABLE_CODE = YES;
				CLANG_WARN__DUPLICATE_METHOD_MATCH = YES;
				CODE_SIGN_IDENTITY = "iPhone Developer";
				COPY_PHASE_STRIP = NO;
				DEBUG_INFORMATION_FORMAT = dwarf;
				ENABLE_STRICT_OBJC_MSGSEND = YES;
				ENABLE_TESTABILITY = YES;
				GCC_C_LANGUAGE_STANDARD = gnu11;
				GCC_DYNAMIC_NO_PIC = NO;
				GCC_NO_COMMON_BLOCKS = YES;
				GCC_OPTIMIZATION_LEVEL = 0;
				GCC_PREPROCESSOR_DEFINITIONS = (
					"DEBUG=1",
					"$(inherited)",
				);
				GCC_WARN_64_TO_32_BIT_CONVERSION = YES;
				GCC_WARN_ABOUT_RETURN_TYPE = YES_ERROR;
				GCC_WARN_UNDECLARED_SELECTOR = YES;
				GCC_WARN_UNINITIALIZED_AUTOS = YES_AGGRESSIVE;
				GCC_WARN_UNUSED_FUNCTION = YES;
				GCC_WARN_UNUSED_VARIABLE = YES;
				IPHONEOS_DEPLOYMENT_TARGET = 12.0;
				MTL_ENABLE_DEBUG_INFO = INCLUDE_SOURCE;
				MTL_FAST_MATH = YES;
				ONLY_ACTIVE_ARCH = YES;
				SDKROOT = iphoneos;
				SWIFT_ACTIVE_COMPILATION_CONDITIONS = DEBUG;
				SWIFT_OPTIMIZATION_LEVEL = "-Onone";
			};
			name = Debug;
		};
		44F33F67224D640D00AFE7FC /* Release */ = {
			isa = XCBuildConfiguration;
			buildSettings = {
				ALWAYS_SEARCH_USER_PATHS = NO;
				CLANG_ANALYZER_NONNULL = YES;
				CLANG_ANALYZER_NUMBER_OBJECT_CONVERSION = YES_AGGRESSIVE;
				CLANG_CXX_LANGUAGE_STANDARD = "gnu++14";
				CLANG_CXX_LIBRARY = "libc++";
				CLANG_ENABLE_MODULES = YES;
				CLANG_ENABLE_OBJC_ARC = YES;
				CLANG_ENABLE_OBJC_WEAK = YES;
				CLANG_WARN_BLOCK_CAPTURE_AUTORELEASING = YES;
				CLANG_WARN_BOOL_CONVERSION = YES;
				CLANG_WARN_COMMA = YES;
				CLANG_WARN_CONSTANT_CONVERSION = YES;
				CLANG_WARN_DEPRECATED_OBJC_IMPLEMENTATIONS = YES;
				CLANG_WARN_DIRECT_OBJC_ISA_USAGE = YES_ERROR;
				CLANG_WARN_DOCUMENTATION_COMMENTS = YES;
				CLANG_WARN_EMPTY_BODY = YES;
				CLANG_WARN_ENUM_CONVERSION = YES;
				CLANG_WARN_INFINITE_RECURSION = YES;
				CLANG_WARN_INT_CONVERSION = YES;
				CLANG_WARN_NON_LITERAL_NULL_CONVERSION = YES;
				CLANG_WARN_OBJC_IMPLICIT_RETAIN_SELF = YES;
				CLANG_WARN_OBJC_LITERAL_CONVERSION = YES;
				CLANG_WARN_OBJC_ROOT_CLASS = YES_ERROR;
				CLANG_WARN_RANGE_LOOP_ANALYSIS = YES;
				CLANG_WARN_STRICT_PROTOTYPES = YES;
				CLANG_WARN_SUSPICIOUS_MOVE = YES;
				CLANG_WARN_UNGUARDED_AVAILABILITY = YES_AGGRESSIVE;
				CLANG_WARN_UNREACHABLE_CODE = YES;
				CLANG_WARN__DUPLICATE_METHOD_MATCH = YES;
				CODE_SIGN_IDENTITY = "iPhone Developer";
				COPY_PHASE_STRIP = NO;
				DEBUG_INFORMATION_FORMAT = "dwarf-with-dsym";
				ENABLE_NS_ASSERTIONS = NO;
				ENABLE_STRICT_OBJC_MSGSEND = YES;
				GCC_C_LANGUAGE_STANDARD = gnu11;
				GCC_NO_COMMON_BLOCKS = YES;
				GCC_WARN_64_TO_32_BIT_CONVERSION = YES;
				GCC_WARN_ABOUT_RETURN_TYPE = YES_ERROR;
				GCC_WARN_UNDECLARED_SELECTOR = YES;
				GCC_WARN_UNINITIALIZED_AUTOS = YES_AGGRESSIVE;
				GCC_WARN_UNUSED_FUNCTION = YES;
				GCC_WARN_UNUSED_VARIABLE = YES;
				IPHONEOS_DEPLOYMENT_TARGET = 12.0;
				MTL_ENABLE_DEBUG_INFO = NO;
				MTL_FAST_MATH = YES;
				SDKROOT = iphoneos;
				SWIFT_COMPILATION_MODE = wholemodule;
				SWIFT_OPTIMIZATION_LEVEL = "-O";
				VALIDATE_PRODUCT = YES;
			};
			name = Release;
		};
		44F33F69224D640D00AFE7FC /* Debug */ = {
			isa = XCBuildConfiguration;
			buildSettings = {
				ASSETCATALOG_COMPILER_APPICON_NAME = AppIcon;
				CODE_SIGN_STYLE = Automatic;
				INFOPLIST_FILE = PersonalityQuiz/Info.plist;
				LD_RUNPATH_SEARCH_PATHS = (
					"$(inherited)",
					"@executable_path/Frameworks",
				);
				PRODUCT_BUNDLE_IDENTIFIER = TAMUSA.PersonalityQuiz;
				PRODUCT_NAME = "$(TARGET_NAME)";
				SWIFT_VERSION = 4.2;
				TARGETED_DEVICE_FAMILY = "1,2";
			};
			name = Debug;
		};
		44F33F6A224D640D00AFE7FC /* Release */ = {
			isa = XCBuildConfiguration;
			buildSettings = {
				ASSETCATALOG_COMPILER_APPICON_NAME = AppIcon;
				CODE_SIGN_STYLE = Automatic;
				INFOPLIST_FILE = PersonalityQuiz/Info.plist;
				LD_RUNPATH_SEARCH_PATHS = (
					"$(inherited)",
					"@executable_path/Frameworks",
				);
				PRODUCT_BUNDLE_IDENTIFIER = TAMUSA.PersonalityQuiz;
				PRODUCT_NAME = "$(TARGET_NAME)";
				SWIFT_VERSION = 4.2;
				TARGETED_DEVICE_FAMILY = "1,2";
			};
			name = Release;
		};
		44F33F6C224D640D00AFE7FC /* Debug */ = {
			isa = XCBuildConfiguration;
			buildSettings = {
				ALWAYS_EMBED_SWIFT_STANDARD_LIBRARIES = YES;
				BUNDLE_LOADER = "$(TEST_HOST)";
				CODE_SIGN_STYLE = Automatic;
				INFOPLIST_FILE = PersonalityQuizTests/Info.plist;
				LD_RUNPATH_SEARCH_PATHS = (
					"$(inherited)",
					"@executable_path/Frameworks",
					"@loader_path/Frameworks",
				);
				PRODUCT_BUNDLE_IDENTIFIER = TAMUSA.PersonalityQuizTests;
				PRODUCT_NAME = "$(TARGET_NAME)";
				SWIFT_VERSION = 4.2;
				TARGETED_DEVICE_FAMILY = "1,2";
				TEST_HOST = "$(BUILT_PRODUCTS_DIR)/PersonalityQuiz.app/PersonalityQuiz";
			};
			name = Debug;
		};
		44F33F6D224D640D00AFE7FC /* Release */ = {
			isa = XCBuildConfiguration;
			buildSettings = {
				ALWAYS_EMBED_SWIFT_STANDARD_LIBRARIES = YES;
				BUNDLE_LOADER = "$(TEST_HOST)";
				CODE_SIGN_STYLE = Automatic;
				INFOPLIST_FILE = PersonalityQuizTests/Info.plist;
				LD_RUNPATH_SEARCH_PATHS = (
					"$(inherited)",
					"@executable_path/Frameworks",
					"@loader_path/Frameworks",
				);
				PRODUCT_BUNDLE_IDENTIFIER = TAMUSA.PersonalityQuizTests;
				PRODUCT_NAME = "$(TARGET_NAME)";
				SWIFT_VERSION = 4.2;
				TARGETED_DEVICE_FAMILY = "1,2";
				TEST_HOST = "$(BUILT_PRODUCTS_DIR)/PersonalityQuiz.app/PersonalityQuiz";
			};
			name = Release;
		};
		44F33F6F224D640D00AFE7FC /* Debug */ = {
			isa = XCBuildConfiguration;
			buildSettings = {
				ALWAYS_EMBED_SWIFT_STANDARD_LIBRARIES = YES;
				CODE_SIGN_STYLE = Automatic;
				INFOPLIST_FILE = PersonalityQuizUITests/Info.plist;
				LD_RUNPATH_SEARCH_PATHS = (
					"$(inherited)",
					"@executable_path/Frameworks",
					"@loader_path/Frameworks",
				);
				PRODUCT_BUNDLE_IDENTIFIER = TAMUSA.PersonalityQuizUITests;
				PRODUCT_NAME = "$(TARGET_NAME)";
				SWIFT_VERSION = 4.2;
				TARGETED_DEVICE_FAMILY = "1,2";
				TEST_TARGET_NAME = PersonalityQuiz;
			};
			name = Debug;
		};
		44F33F70224D640D00AFE7FC /* Release */ = {
			isa = XCBuildConfiguration;
			buildSettings = {
				ALWAYS_EMBED_SWIFT_STANDARD_LIBRARIES = YES;
				CODE_SIGN_STYLE = Automatic;
				INFOPLIST_FILE = PersonalityQuizUITests/Info.plist;
				LD_RUNPATH_SEARCH_PATHS = (
					"$(inherited)",
					"@executable_path/Frameworks",
					"@loader_path/Frameworks",
				);
				PRODUCT_BUNDLE_IDENTIFIER = TAMUSA.PersonalityQuizUITests;
				PRODUCT_NAME = "$(TARGET_NAME)";
				SWIFT_VERSION = 4.2;
				TARGETED_DEVICE_FAMILY = "1,2";
				TEST_TARGET_NAME = PersonalityQuiz;
			};
			name = Release;
		};
/* End XCBuildConfiguration section */

/* Begin XCConfigurationList section */
		44F33F3B224D640B00AFE7FC /* Build configuration list for PBXProject "PersonalityQuiz" */ = {
			isa = XCConfigurationList;
			buildConfigurations = (
				44F33F66224D640D00AFE7FC /* Debug */,
				44F33F67224D640D00AFE7FC /* Release */,
			);
			defaultConfigurationIsVisible = 0;
			defaultConfigurationName = Release;
		};
		44F33F68224D640D00AFE7FC /* Build configuration list for PBXNativeTarget "PersonalityQuiz" */ = {
			isa = XCConfigurationList;
			buildConfigurations = (
				44F33F69224D640D00AFE7FC /* Debug */,
				44F33F6A224D640D00AFE7FC /* Release */,
			);
			defaultConfigurationIsVisible = 0;
			defaultConfigurationName = Release;
		};
		44F33F6B224D640D00AFE7FC /* Build configuration list for PBXNativeTarget "PersonalityQuizTests" */ = {
			isa = XCConfigurationList;
			buildConfigurations = (
				44F33F6C224D640D00AFE7FC /* Debug */,
				44F33F6D224D640D00AFE7FC /* Release */,
			);
			defaultConfigurationIsVisible = 0;
			defaultConfigurationName = Release;
		};
		44F33F6E224D640D00AFE7FC /* Build configuration list for PBXNativeTarget "PersonalityQuizUITests" */ = {
			isa = XCConfigurationList;
			buildConfigurations = (
				44F33F6F224D640D00AFE7FC /* Debug */,
				44F33F70224D640D00AFE7FC /* Release */,
			);
			defaultConfigurationIsVisible = 0;
			defaultConfigurationName = Release;
		};
/* End XCConfigurationList section */
	};
	rootObject = 44F33F38224D640B00AFE7FC /* Project object */;
}
